{
    "_meta": {
        "hash": {
            "sha256": "f1011219cec85876394e76bd64cdbeeeb18a2d7685ee6d54d154d7b6d66b21be"
        },
        "pipfile-spec": 6,
        "requires": {
            "python_version": "3.9"
        },
        "sources": [
            {
                "name": "pypi",
                "url": "https://pypi.python.org/simple",
                "verify_ssl": true
            }
        ]
    },
    "default": {},
    "develop": {}
}
